
Microsoft Visual Studio Solution File, Format Version 12.00
# Visual Studio Version 17
VisualStudioVersion = 17.7.34024.191
MinimumVisualStudioVersion = 10.0.40219.1
Project("{FAE04EC0-301F-11D3-BF4B-00C04F79EFBC}") = "interfacelearn", "interfacelearn.csproj", "{382972EB-18F6-4306-A0E9-39C3A3D45C0A}"
EndProject
Project("{FAE04EC0-301F-11D3-BF4B-00C04F79EFBC}") = "interface.tests", "..\interface.tests\interface.tests.csproj", "{43E1C186-80AB-4964-BA2C-D7527AF8C336}"
EndProject
Global
	GlobalSection(SolutionConfigurationPlatforms) = preSolution
		Debug|Any CPU = Debug|Any CPU
		Release|Any CPU = Release|Any CPU
	EndGlobalSection
	GlobalSection(ProjectConfigurationPlatforms) = postSolution
		{382972EB-18F6-4306-A0E9-39C3A3D45C0A}.Debug|Any CPU.ActiveCfg = Debug|Any CPU
		{382972EB-18F6-4306-A0E9-39C3A3D45C0A}.Debug|Any CPU.Build.0 = Debug|Any CPU
		{382972EB-18F6-4306-A0E9-39C3A3D45C0A}.Release|Any CPU.ActiveCfg = Release|Any CPU
		{382972EB-18F6-4306-A0E9-39C3A3D45C0A}.Release|Any CPU.Build.0 = Release|Any CPU
		{43E1C186-80AB-4964-BA2C-D7527AF8C336}.Debug|Any CPU.ActiveCfg = Debug|Any CPU
		{43E1C186-80AB-4964-BA2C-D7527AF8C336}.Debug|Any CPU.Build.0 = Debug|Any CPU
		{43E1C186-80AB-4964-BA2C-D7527AF8C336}.Release|Any CPU.ActiveCfg = Release|Any CPU
		{43E1C186-80AB-4964-BA2C-D7527AF8C336}.Release|Any CPU.Build.0 = Release|Any CPU
	EndGlobalSection
	GlobalSection(SolutionProperties) = preSolution
		HideSolutionNode = FALSE
	EndGlobalSection
	GlobalSection(ExtensibilityGlobals) = postSolution
		SolutionGuid = {88B2A2A0-5757-497E-8213-11BDFDCF7804}
	EndGlobalSection
EndGlobal
