
Microsoft Visual Studio Solution File, Format Version 12.00
# Visual Studio Version 17
VisualStudioVersion = 17.7.34024.191
MinimumVisualStudioVersion = 10.0.40219.1
Project("{FAE04EC0-301F-11D3-BF4B-00C04F79EFBC}") = "C#菜鸟教程学习", "C#菜鸟教程学习.csproj", "{D93FD0DD-57A2-4D58-AAC1-8AB5BEF7C724}"
EndProject
Global
	GlobalSection(SolutionConfigurationPlatforms) = preSolution
		Debug|Any CPU = Debug|Any CPU
		Release|Any CPU = Release|Any CPU
	EndGlobalSection
	GlobalSection(ProjectConfigurationPlatforms) = postSolution
		{D93FD0DD-57A2-4D58-AAC1-8AB5BEF7C724}.Debug|Any CPU.ActiveCfg = Debug|Any CPU
		{D93FD0DD-57A2-4D58-AAC1-8AB5BEF7C724}.Debug|Any CPU.Build.0 = Debug|Any CPU
		{D93FD0DD-57A2-4D58-AAC1-8AB5BEF7C724}.Release|Any CPU.ActiveCfg = Release|Any CPU
		{D93FD0DD-57A2-4D58-AAC1-8AB5BEF7C724}.Release|Any CPU.Build.0 = Release|Any CPU
	EndGlobalSection
	GlobalSection(SolutionProperties) = preSolution
		HideSolutionNode = FALSE
	EndGlobalSection
	GlobalSection(ExtensibilityGlobals) = postSolution
		SolutionGuid = {BA70F962-6B0F-4538-8792-97D7F3D115D3}
	EndGlobalSection
EndGlobal
